
Microsoft Visual Studio Solution File, Format Version 12.00
# Visual Studio Version 16
VisualStudioVersion = 25.0.1703.8
MinimumVisualStudioVersion = 10.0.40219.1
Project("{FAE04EC0-301F-11D3-BF4B-00C04F79EFBC}") = "OOP", "OOP.csproj", "{329B1F59-B130-4C86-92FF-5FA590C7E229}"
EndProject
Global
	GlobalSection(SolutionConfigurationPlatforms) = preSolution
		Debug|Any CPU = Debug|Any CPU
		Release|Any CPU = Release|Any CPU
	EndGlobalSection
	GlobalSection(ProjectConfigurationPlatforms) = postSolution
		{329B1F59-B130-4C86-92FF-5FA590C7E229}.Debug|Any CPU.ActiveCfg = Debug|Any CPU
		{329B1F59-B130-4C86-92FF-5FA590C7E229}.Debug|Any CPU.Build.0 = Debug|Any CPU
		{329B1F59-B130-4C86-92FF-5FA590C7E229}.Release|Any CPU.ActiveCfg = Release|Any CPU
		{329B1F59-B130-4C86-92FF-5FA590C7E229}.Release|Any CPU.Build.0 = Release|Any CPU
	EndGlobalSection
	GlobalSection(SolutionProperties) = preSolution
		HideSolutionNode = FALSE
	EndGlobalSection
	GlobalSection(ExtensibilityGlobals) = postSolution
		SolutionGuid = {B1D8A324-874E-4362-BCFA-A1A05447C51B}
	EndGlobalSection
EndGlobal
