
Microsoft Visual Studio Solution File, Format Version 12.00
# Visual Studio Version 16
VisualStudioVersion = 25.0.1703.8
MinimumVisualStudioVersion = 10.0.40219.1
Project("{FAE04EC0-301F-11D3-BF4B-00C04F79EFBC}") = "Factory", "Factory.csproj", "{50F08218-F381-4E5D-9127-7D28BCE396F1}"
EndProject
Global
	GlobalSection(SolutionConfigurationPlatforms) = preSolution
		Debug|Any CPU = Debug|Any CPU
		Release|Any CPU = Release|Any CPU
	EndGlobalSection
	GlobalSection(ProjectConfigurationPlatforms) = postSolution
		{50F08218-F381-4E5D-9127-7D28BCE396F1}.Debug|Any CPU.ActiveCfg = Debug|Any CPU
		{50F08218-F381-4E5D-9127-7D28BCE396F1}.Debug|Any CPU.Build.0 = Debug|Any CPU
		{50F08218-F381-4E5D-9127-7D28BCE396F1}.Release|Any CPU.ActiveCfg = Release|Any CPU
		{50F08218-F381-4E5D-9127-7D28BCE396F1}.Release|Any CPU.Build.0 = Release|Any CPU
	EndGlobalSection
	GlobalSection(SolutionProperties) = preSolution
		HideSolutionNode = FALSE
	EndGlobalSection
	GlobalSection(ExtensibilityGlobals) = postSolution
		SolutionGuid = {82FD67DA-ADB5-43A3-9AA3-E272691F0384}
	EndGlobalSection
EndGlobal
